
Microsoft Visual Studio Solution File, Format Version 12.00
Project("{F2A71F9B-5D33-465A-A702-920D77279786}") = "FinTalkDemo", "FinTalkDemo\FinTalkDemo.fsproj", "{9AE1DB04-2729-40D6-99BC-5F0439FFDA23}"
EndProject
Project("{F2A71F9B-5D33-465A-A702-920D77279786}") = "TestApp", "TestApp\TestApp.fsproj", "{59541DE4-1DA3-4718-8D5E-CB0C7F488C18}"
EndProject
Project("{F2A71F9B-5D33-465A-A702-920D77279786}") = "FinTalkDemo.Api", "FinTalkDemo.Api\FinTalkDemo.Api.fsproj", "{22FAADCC-0BDB-4205-9E1F-FB9E943734ED}"
EndProject
Project("{FAE04EC0-301F-11D3-BF4B-00C04F79EFBC}") = "ObjectOrientedExamples", "ObjectOrientedExamples\ObjectOrientedExamples.csproj", "{C849E9DA-2E2A-4A86-9399-65FCF5BCE4B8}"
EndProject
Project("{F2A71F9B-5D33-465A-A702-920D77279786}") = "SRTP", "SRTP\SRTP.fsproj", "{04124938-3444-4E9E-9DDD-B9E22B096A3D}"
EndProject
Global
	GlobalSection(SolutionConfigurationPlatforms) = preSolution
		Debug|Any CPU = Debug|Any CPU
		Release|Any CPU = Release|Any CPU
	EndGlobalSection
	GlobalSection(ProjectConfigurationPlatforms) = postSolution
		{9AE1DB04-2729-40D6-99BC-5F0439FFDA23}.Debug|Any CPU.ActiveCfg = Debug|Any CPU
		{9AE1DB04-2729-40D6-99BC-5F0439FFDA23}.Debug|Any CPU.Build.0 = Debug|Any CPU
		{9AE1DB04-2729-40D6-99BC-5F0439FFDA23}.Release|Any CPU.ActiveCfg = Release|Any CPU
		{9AE1DB04-2729-40D6-99BC-5F0439FFDA23}.Release|Any CPU.Build.0 = Release|Any CPU
		{59541DE4-1DA3-4718-8D5E-CB0C7F488C18}.Debug|Any CPU.ActiveCfg = Debug|Any CPU
		{59541DE4-1DA3-4718-8D5E-CB0C7F488C18}.Debug|Any CPU.Build.0 = Debug|Any CPU
		{59541DE4-1DA3-4718-8D5E-CB0C7F488C18}.Release|Any CPU.ActiveCfg = Release|Any CPU
		{59541DE4-1DA3-4718-8D5E-CB0C7F488C18}.Release|Any CPU.Build.0 = Release|Any CPU
		{22FAADCC-0BDB-4205-9E1F-FB9E943734ED}.Debug|Any CPU.ActiveCfg = Debug|Any CPU
		{22FAADCC-0BDB-4205-9E1F-FB9E943734ED}.Debug|Any CPU.Build.0 = Debug|Any CPU
		{22FAADCC-0BDB-4205-9E1F-FB9E943734ED}.Release|Any CPU.ActiveCfg = Release|Any CPU
		{22FAADCC-0BDB-4205-9E1F-FB9E943734ED}.Release|Any CPU.Build.0 = Release|Any CPU
		{C849E9DA-2E2A-4A86-9399-65FCF5BCE4B8}.Debug|Any CPU.ActiveCfg = Debug|Any CPU
		{C849E9DA-2E2A-4A86-9399-65FCF5BCE4B8}.Debug|Any CPU.Build.0 = Debug|Any CPU
		{C849E9DA-2E2A-4A86-9399-65FCF5BCE4B8}.Release|Any CPU.ActiveCfg = Release|Any CPU
		{C849E9DA-2E2A-4A86-9399-65FCF5BCE4B8}.Release|Any CPU.Build.0 = Release|Any CPU
		{04124938-3444-4E9E-9DDD-B9E22B096A3D}.Debug|Any CPU.ActiveCfg = Debug|Any CPU
		{04124938-3444-4E9E-9DDD-B9E22B096A3D}.Debug|Any CPU.Build.0 = Debug|Any CPU
		{04124938-3444-4E9E-9DDD-B9E22B096A3D}.Release|Any CPU.ActiveCfg = Release|Any CPU
		{04124938-3444-4E9E-9DDD-B9E22B096A3D}.Release|Any CPU.Build.0 = Release|Any CPU
	EndGlobalSection
EndGlobal
